
Microsoft Visual Studio Solution File, Format Version 12.00
# Visual Studio 15
VisualStudioVersion = 15.0.27130.2036
MinimumVisualStudioVersion = 10.0.40219.1
Project("{9A19103F-16F7-4668-BE54-9A1E7A4F7556}") = "OnlineBankingPrism", "OnlineBankingPrism\OnlineBankingPrism\OnlineBankingPrism.csproj", "{CC0F3EFD-53AD-4EF1-9237-3D84974D3B66}"
EndProject
Project("{FAE04EC0-301F-11D3-BF4B-00C04F79EFBC}") = "OnlineBankingPrism.Android", "OnlineBankingPrism\OnlineBankingPrism.Android\OnlineBankingPrism.Android.csproj", "{F029E518-968E-4EBC-872A-DBD50C3CB37A}"
EndProject
Project("{FAE04EC0-301F-11D3-BF4B-00C04F79EFBC}") = "OnlineBankingPrism.iOS", "OnlineBankingPrism\OnlineBankingPrism.iOS\OnlineBankingPrism.iOS.csproj", "{3473A851-49BE-494F-B979-4DFE00387D10}"
EndProject
Project("{FAE04EC0-301F-11D3-BF4B-00C04F79EFBC}") = "OnlineBankingPrism.SharedEntities", "OnlineBankingPrism.SharedEntities\OnlineBankingPrism.SharedEntities.csproj", "{A146E7B1-8E55-482B-8155-C7399A2BFB0D}"
EndProject
Project("{FAE04EC0-301F-11D3-BF4B-00C04F79EFBC}") = "Web", "Web\Web.csproj", "{BA83A0EA-961A-4841-9D1F-174D1F88DADD}"
EndProject
Project("{FAE04EC0-301F-11D3-BF4B-00C04F79EFBC}") = "Web.ApplicationCore", "Web.ApplicationCore\Web.ApplicationCore.csproj", "{E2E2F0E2-AB69-4D56-BD74-60453F21BA6A}"
EndProject
Project("{FAE04EC0-301F-11D3-BF4B-00C04F79EFBC}") = "OnlineBanking.Security", "OnlineBanking.Security\OnlineBanking.Security.csproj", "{D89D4A26-6BFD-43F9-9EF8-FB48DAB03285}"
EndProject
Project("{FAE04EC0-301F-11D3-BF4B-00C04F79EFBC}") = "Web.Infrastructure", "Web.Infrastructure\Web.Infrastructure.csproj", "{A43D15EB-A4D6-471F-B0AA-1C6945CF0AA7}"
EndProject
Project("{FAE04EC0-301F-11D3-BF4B-00C04F79EFBC}") = "OnlineBanking.Test", "OnlineBanking.Test\OnlineBanking.Test.csproj", "{30A8B7F2-6815-4654-80A9-1B9C73EA88CC}"
EndProject
Project("{FAE04EC0-301F-11D3-BF4B-00C04F79EFBC}") = "OnlineBanking.Web.Tests", "OnlineBanking.Web.Tests\OnlineBanking.Web.Tests.csproj", "{563647ED-49CC-4852-A10C-6568A0898B94}"
EndProject
Global
	GlobalSection(SolutionConfigurationPlatforms) = preSolution
		Ad-Hoc|Any CPU = Ad-Hoc|Any CPU
		Ad-Hoc|iPhone = Ad-Hoc|iPhone
		Ad-Hoc|iPhoneSimulator = Ad-Hoc|iPhoneSimulator
		AppStore|Any CPU = AppStore|Any CPU
		AppStore|iPhone = AppStore|iPhone
		AppStore|iPhoneSimulator = AppStore|iPhoneSimulator
		Debug|Any CPU = Debug|Any CPU
		Debug|iPhone = Debug|iPhone
		Debug|iPhoneSimulator = Debug|iPhoneSimulator
		Release|Any CPU = Release|Any CPU
		Release|iPhone = Release|iPhone
		Release|iPhoneSimulator = Release|iPhoneSimulator
	EndGlobalSection
	GlobalSection(ProjectConfigurationPlatforms) = postSolution
		{CC0F3EFD-53AD-4EF1-9237-3D84974D3B66}.Ad-Hoc|Any CPU.ActiveCfg = Debug|Any CPU
		{CC0F3EFD-53AD-4EF1-9237-3D84974D3B66}.Ad-Hoc|Any CPU.Build.0 = Debug|Any CPU
		{CC0F3EFD-53AD-4EF1-9237-3D84974D3B66}.Ad-Hoc|iPhone.ActiveCfg = Debug|Any CPU
		{CC0F3EFD-53AD-4EF1-9237-3D84974D3B66}.Ad-Hoc|iPhone.Build.0 = Debug|Any CPU
		{CC0F3EFD-53AD-4EF1-9237-3D84974D3B66}.Ad-Hoc|iPhoneSimulator.ActiveCfg = Debug|Any CPU
		{CC0F3EFD-53AD-4EF1-9237-3D84974D3B66}.Ad-Hoc|iPhoneSimulator.Build.0 = Debug|Any CPU
		{CC0F3EFD-53AD-4EF1-9237-3D84974D3B66}.AppStore|Any CPU.ActiveCfg = Debug|Any CPU
		{CC0F3EFD-53AD-4EF1-9237-3D84974D3B66}.AppStore|Any CPU.Build.0 = Debug|Any CPU
		{CC0F3EFD-53AD-4EF1-9237-3D84974D3B66}.AppStore|iPhone.ActiveCfg = Debug|Any CPU
		{CC0F3EFD-53AD-4EF1-9237-3D84974D3B66}.AppStore|iPhone.Build.0 = Debug|Any CPU
		{CC0F3EFD-53AD-4EF1-9237-3D84974D3B66}.AppStore|iPhoneSimulator.ActiveCfg = Debug|Any CPU
		{CC0F3EFD-53AD-4EF1-9237-3D84974D3B66}.AppStore|iPhoneSimulator.Build.0 = Debug|Any CPU
		{CC0F3EFD-53AD-4EF1-9237-3D84974D3B66}.Debug|Any CPU.ActiveCfg = Debug|Any CPU
		{CC0F3EFD-53AD-4EF1-9237-3D84974D3B66}.Debug|Any CPU.Build.0 = Debug|Any CPU
		{CC0F3EFD-53AD-4EF1-9237-3D84974D3B66}.Debug|iPhone.ActiveCfg = Debug|Any CPU
		{CC0F3EFD-53AD-4EF1-9237-3D84974D3B66}.Debug|iPhone.Build.0 = Debug|Any CPU
		{CC0F3EFD-53AD-4EF1-9237-3D84974D3B66}.Debug|iPhoneSimulator.ActiveCfg = Debug|Any CPU
		{CC0F3EFD-53AD-4EF1-9237-3D84974D3B66}.Debug|iPhoneSimulator.Build.0 = Debug|Any CPU
		{CC0F3EFD-53AD-4EF1-9237-3D84974D3B66}.Release|Any CPU.ActiveCfg = Release|Any CPU
		{CC0F3EFD-53AD-4EF1-9237-3D84974D3B66}.Release|Any CPU.Build.0 = Release|Any CPU
		{CC0F3EFD-53AD-4EF1-9237-3D84974D3B66}.Release|iPhone.ActiveCfg = Release|Any CPU
		{CC0F3EFD-53AD-4EF1-9237-3D84974D3B66}.Release|iPhone.Build.0 = Release|Any CPU
		{CC0F3EFD-53AD-4EF1-9237-3D84974D3B66}.Release|iPhoneSimulator.ActiveCfg = Release|Any CPU
		{CC0F3EFD-53AD-4EF1-9237-3D84974D3B66}.Release|iPhoneSimulator.Build.0 = Release|Any CPU
		{F029E518-968E-4EBC-872A-DBD50C3CB37A}.Ad-Hoc|Any CPU.ActiveCfg = Release|Any CPU
		{F029E518-968E-4EBC-872A-DBD50C3CB37A}.Ad-Hoc|Any CPU.Build.0 = Release|Any CPU
		{F029E518-968E-4EBC-872A-DBD50C3CB37A}.Ad-Hoc|Any CPU.Deploy.0 = Release|Any CPU
		{F029E518-968E-4EBC-872A-DBD50C3CB37A}.Ad-Hoc|iPhone.ActiveCfg = Release|Any CPU
		{F029E518-968E-4EBC-872A-DBD50C3CB37A}.Ad-Hoc|iPhone.Build.0 = Release|Any CPU
		{F029E518-968E-4EBC-872A-DBD50C3CB37A}.Ad-Hoc|iPhone.Deploy.0 = Release|Any CPU
		{F029E518-968E-4EBC-872A-DBD50C3CB37A}.Ad-Hoc|iPhoneSimulator.ActiveCfg = Release|Any CPU
		{F029E518-968E-4EBC-872A-DBD50C3CB37A}.Ad-Hoc|iPhoneSimulator.Build.0 = Release|Any CPU
		{F029E518-968E-4EBC-872A-DBD50C3CB37A}.Ad-Hoc|iPhoneSimulator.Deploy.0 = Release|Any CPU
		{F029E518-968E-4EBC-872A-DBD50C3CB37A}.AppStore|Any CPU.ActiveCfg = Release|Any CPU
		{F029E518-968E-4EBC-872A-DBD50C3CB37A}.AppStore|Any CPU.Build.0 = Release|Any CPU
		{F029E518-968E-4EBC-872A-DBD50C3CB37A}.AppStore|Any CPU.Deploy.0 = Release|Any CPU
		{F029E518-968E-4EBC-872A-DBD50C3CB37A}.AppStore|iPhone.ActiveCfg = Release|Any CPU
		{F029E518-968E-4EBC-872A-DBD50C3CB37A}.AppStore|iPhone.Build.0 = Release|Any CPU
		{F029E518-968E-4EBC-872A-DBD50C3CB37A}.AppStore|iPhone.Deploy.0 = Release|Any CPU
		{F029E518-968E-4EBC-872A-DBD50C3CB37A}.AppStore|iPhoneSimulator.ActiveCfg = Release|Any CPU
		{F029E518-968E-4EBC-872A-DBD50C3CB37A}.AppStore|iPhoneSimulator.Build.0 = Release|Any CPU
		{F029E518-968E-4EBC-872A-DBD50C3CB37A}.AppStore|iPhoneSimulator.Deploy.0 = Release|Any CPU
		{F029E518-968E-4EBC-872A-DBD50C3CB37A}.Debug|Any CPU.ActiveCfg = Debug|Any CPU
		{F029E518-968E-4EBC-872A-DBD50C3CB37A}.Debug|Any CPU.Build.0 = Debug|Any CPU
		{F029E518-968E-4EBC-872A-DBD50C3CB37A}.Debug|Any CPU.Deploy.0 = Debug|Any CPU
		{F029E518-968E-4EBC-872A-DBD50C3CB37A}.Debug|iPhone.ActiveCfg = Debug|Any CPU
		{F029E518-968E-4EBC-872A-DBD50C3CB37A}.Debug|iPhone.Build.0 = Debug|Any CPU
		{F029E518-968E-4EBC-872A-DBD50C3CB37A}.Debug|iPhone.Deploy.0 = Debug|Any CPU
		{F029E518-968E-4EBC-872A-DBD50C3CB37A}.Debug|iPhoneSimulator.ActiveCfg = Debug|Any CPU
		{F029E518-968E-4EBC-872A-DBD50C3CB37A}.Debug|iPhoneSimulator.Build.0 = Debug|Any CPU
		{F029E518-968E-4EBC-872A-DBD50C3CB37A}.Debug|iPhoneSimulator.Deploy.0 = Debug|Any CPU
		{F029E518-968E-4EBC-872A-DBD50C3CB37A}.Release|Any CPU.ActiveCfg = Release|Any CPU
		{F029E518-968E-4EBC-872A-DBD50C3CB37A}.Release|Any CPU.Build.0 = Release|Any CPU
		{F029E518-968E-4EBC-872A-DBD50C3CB37A}.Release|Any CPU.Deploy.0 = Release|Any CPU
		{F029E518-968E-4EBC-872A-DBD50C3CB37A}.Release|iPhone.ActiveCfg = Release|Any CPU
		{F029E518-968E-4EBC-872A-DBD50C3CB37A}.Release|iPhone.Build.0 = Release|Any CPU
		{F029E518-968E-4EBC-872A-DBD50C3CB37A}.Release|iPhone.Deploy.0 = Release|Any CPU
		{F029E518-968E-4EBC-872A-DBD50C3CB37A}.Release|iPhoneSimulator.ActiveCfg = Release|Any CPU
		{F029E518-968E-4EBC-872A-DBD50C3CB37A}.Release|iPhoneSimulator.Build.0 = Release|Any CPU
		{F029E518-968E-4EBC-872A-DBD50C3CB37A}.Release|iPhoneSimulator.Deploy.0 = Release|Any CPU
		{3473A851-49BE-494F-B979-4DFE00387D10}.Ad-Hoc|Any CPU.ActiveCfg = Ad-Hoc|iPhone
		{3473A851-49BE-494F-B979-4DFE00387D10}.Ad-Hoc|iPhone.ActiveCfg = Ad-Hoc|iPhone
		{3473A851-49BE-494F-B979-4DFE00387D10}.Ad-Hoc|iPhone.Build.0 = Ad-Hoc|iPhone
		{3473A851-49BE-494F-B979-4DFE00387D10}.Ad-Hoc|iPhoneSimulator.ActiveCfg = Ad-Hoc|iPhoneSimulator
		{3473A851-49BE-494F-B979-4DFE00387D10}.Ad-Hoc|iPhoneSimulator.Build.0 = Ad-Hoc|iPhoneSimulator
		{3473A851-49BE-494F-B979-4DFE00387D10}.AppStore|Any CPU.ActiveCfg = AppStore|iPhone
		{3473A851-49BE-494F-B979-4DFE00387D10}.AppStore|iPhone.ActiveCfg = AppStore|iPhone
		{3473A851-49BE-494F-B979-4DFE00387D10}.AppStore|iPhone.Build.0 = AppStore|iPhone
		{3473A851-49BE-494F-B979-4DFE00387D10}.AppStore|iPhoneSimulator.ActiveCfg = AppStore|iPhoneSimulator
		{3473A851-49BE-494F-B979-4DFE00387D10}.AppStore|iPhoneSimulator.Build.0 = AppStore|iPhoneSimulator
		{3473A851-49BE-494F-B979-4DFE00387D10}.Debug|Any CPU.ActiveCfg = Debug|iPhone
		{3473A851-49BE-494F-B979-4DFE00387D10}.Debug|iPhone.ActiveCfg = Debug|iPhone
		{3473A851-49BE-494F-B979-4DFE00387D10}.Debug|iPhone.Build.0 = Debug|iPhone
		{3473A851-49BE-494F-B979-4DFE00387D10}.Debug|iPhoneSimulator.ActiveCfg = Debug|iPhoneSimulator
		{3473A851-49BE-494F-B979-4DFE00387D10}.Debug|iPhoneSimulator.Build.0 = Debug|iPhoneSimulator
		{3473A851-49BE-494F-B979-4DFE00387D10}.Release|Any CPU.ActiveCfg = Release|iPhone
		{3473A851-49BE-494F-B979-4DFE00387D10}.Release|iPhone.ActiveCfg = Release|iPhone
		{3473A851-49BE-494F-B979-4DFE00387D10}.Release|iPhone.Build.0 = Release|iPhone
		{3473A851-49BE-494F-B979-4DFE00387D10}.Release|iPhoneSimulator.ActiveCfg = Release|iPhoneSimulator
		{3473A851-49BE-494F-B979-4DFE00387D10}.Release|iPhoneSimulator.Build.0 = Release|iPhoneSimulator
		{A146E7B1-8E55-482B-8155-C7399A2BFB0D}.Ad-Hoc|Any CPU.ActiveCfg = Release|Any CPU
		{A146E7B1-8E55-482B-8155-C7399A2BFB0D}.Ad-Hoc|Any CPU.Build.0 = Release|Any CPU
		{A146E7B1-8E55-482B-8155-C7399A2BFB0D}.Ad-Hoc|iPhone.ActiveCfg = Release|Any CPU
		{A146E7B1-8E55-482B-8155-C7399A2BFB0D}.Ad-Hoc|iPhone.Build.0 = Release|Any CPU
		{A146E7B1-8E55-482B-8155-C7399A2BFB0D}.Ad-Hoc|iPhoneSimulator.ActiveCfg = Release|Any CPU
		{A146E7B1-8E55-482B-8155-C7399A2BFB0D}.Ad-Hoc|iPhoneSimulator.Build.0 = Release|Any CPU
		{A146E7B1-8E55-482B-8155-C7399A2BFB0D}.AppStore|Any CPU.ActiveCfg = Release|Any CPU
		{A146E7B1-8E55-482B-8155-C7399A2BFB0D}.AppStore|Any CPU.Build.0 = Release|Any CPU
		{A146E7B1-8E55-482B-8155-C7399A2BFB0D}.AppStore|iPhone.ActiveCfg = Release|Any CPU
		{A146E7B1-8E55-482B-8155-C7399A2BFB0D}.AppStore|iPhone.Build.0 = Release|Any CPU
		{A146E7B1-8E55-482B-8155-C7399A2BFB0D}.AppStore|iPhoneSimulator.ActiveCfg = Release|Any CPU
		{A146E7B1-8E55-482B-8155-C7399A2BFB0D}.AppStore|iPhoneSimulator.Build.0 = Release|Any CPU
		{A146E7B1-8E55-482B-8155-C7399A2BFB0D}.Debug|Any CPU.ActiveCfg = Debug|Any CPU
		{A146E7B1-8E55-482B-8155-C7399A2BFB0D}.Debug|Any CPU.Build.0 = Debug|Any CPU
		{A146E7B1-8E55-482B-8155-C7399A2BFB0D}.Debug|iPhone.ActiveCfg = Debug|Any CPU
		{A146E7B1-8E55-482B-8155-C7399A2BFB0D}.Debug|iPhone.Build.0 = Debug|Any CPU
		{A146E7B1-8E55-482B-8155-C7399A2BFB0D}.Debug|iPhoneSimulator.ActiveCfg = Debug|Any CPU
		{A146E7B1-8E55-482B-8155-C7399A2BFB0D}.Debug|iPhoneSimulator.Build.0 = Debug|Any CPU
		{A146E7B1-8E55-482B-8155-C7399A2BFB0D}.Release|Any CPU.ActiveCfg = Release|Any CPU
		{A146E7B1-8E55-482B-8155-C7399A2BFB0D}.Release|Any CPU.Build.0 = Release|Any CPU
		{A146E7B1-8E55-482B-8155-C7399A2BFB0D}.Release|iPhone.ActiveCfg = Release|Any CPU
		{A146E7B1-8E55-482B-8155-C7399A2BFB0D}.Release|iPhone.Build.0 = Release|Any CPU
		{A146E7B1-8E55-482B-8155-C7399A2BFB0D}.Release|iPhoneSimulator.ActiveCfg = Release|Any CPU
		{A146E7B1-8E55-482B-8155-C7399A2BFB0D}.Release|iPhoneSimulator.Build.0 = Release|Any CPU
		{BA83A0EA-961A-4841-9D1F-174D1F88DADD}.Ad-Hoc|Any CPU.ActiveCfg = Release|Any CPU
		{BA83A0EA-961A-4841-9D1F-174D1F88DADD}.Ad-Hoc|Any CPU.Build.0 = Release|Any CPU
		{BA83A0EA-961A-4841-9D1F-174D1F88DADD}.Ad-Hoc|iPhone.ActiveCfg = Release|Any CPU
		{BA83A0EA-961A-4841-9D1F-174D1F88DADD}.Ad-Hoc|iPhone.Build.0 = Release|Any CPU
		{BA83A0EA-961A-4841-9D1F-174D1F88DADD}.Ad-Hoc|iPhoneSimulator.ActiveCfg = Release|Any CPU
		{BA83A0EA-961A-4841-9D1F-174D1F88DADD}.Ad-Hoc|iPhoneSimulator.Build.0 = Release|Any CPU
		{BA83A0EA-961A-4841-9D1F-174D1F88DADD}.AppStore|Any CPU.ActiveCfg = Release|Any CPU
		{BA83A0EA-961A-4841-9D1F-174D1F88DADD}.AppStore|Any CPU.Build.0 = Release|Any CPU
		{BA83A0EA-961A-4841-9D1F-174D1F88DADD}.AppStore|iPhone.ActiveCfg = Release|Any CPU
		{BA83A0EA-961A-4841-9D1F-174D1F88DADD}.AppStore|iPhone.Build.0 = Release|Any CPU
		{BA83A0EA-961A-4841-9D1F-174D1F88DADD}.AppStore|iPhoneSimulator.ActiveCfg = Release|Any CPU
		{BA83A0EA-961A-4841-9D1F-174D1F88DADD}.AppStore|iPhoneSimulator.Build.0 = Release|Any CPU
		{BA83A0EA-961A-4841-9D1F-174D1F88DADD}.Debug|Any CPU.ActiveCfg = Debug|Any CPU
		{BA83A0EA-961A-4841-9D1F-174D1F88DADD}.Debug|Any CPU.Build.0 = Debug|Any CPU
		{BA83A0EA-961A-4841-9D1F-174D1F88DADD}.Debug|iPhone.ActiveCfg = Debug|Any CPU
		{BA83A0EA-961A-4841-9D1F-174D1F88DADD}.Debug|iPhone.Build.0 = Debug|Any CPU
		{BA83A0EA-961A-4841-9D1F-174D1F88DADD}.Debug|iPhoneSimulator.ActiveCfg = Debug|Any CPU
		{BA83A0EA-961A-4841-9D1F-174D1F88DADD}.Debug|iPhoneSimulator.Build.0 = Debug|Any CPU
		{BA83A0EA-961A-4841-9D1F-174D1F88DADD}.Release|Any CPU.ActiveCfg = Release|Any CPU
		{BA83A0EA-961A-4841-9D1F-174D1F88DADD}.Release|Any CPU.Build.0 = Release|Any CPU
		{BA83A0EA-961A-4841-9D1F-174D1F88DADD}.Release|iPhone.ActiveCfg = Release|Any CPU
		{BA83A0EA-961A-4841-9D1F-174D1F88DADD}.Release|iPhone.Build.0 = Release|Any CPU
		{BA83A0EA-961A-4841-9D1F-174D1F88DADD}.Release|iPhoneSimulator.ActiveCfg = Release|Any CPU
		{BA83A0EA-961A-4841-9D1F-174D1F88DADD}.Release|iPhoneSimulator.Build.0 = Release|Any CPU
		{E2E2F0E2-AB69-4D56-BD74-60453F21BA6A}.Ad-Hoc|Any CPU.ActiveCfg = Release|Any CPU
		{E2E2F0E2-AB69-4D56-BD74-60453F21BA6A}.Ad-Hoc|Any CPU.Build.0 = Release|Any CPU
		{E2E2F0E2-AB69-4D56-BD74-60453F21BA6A}.Ad-Hoc|iPhone.ActiveCfg = Release|Any CPU
		{E2E2F0E2-AB69-4D56-BD74-60453F21BA6A}.Ad-Hoc|iPhone.Build.0 = Release|Any CPU
		{E2E2F0E2-AB69-4D56-BD74-60453F21BA6A}.Ad-Hoc|iPhoneSimulator.ActiveCfg = Release|Any CPU
		{E2E2F0E2-AB69-4D56-BD74-60453F21BA6A}.Ad-Hoc|iPhoneSimulator.Build.0 = Release|Any CPU
		{E2E2F0E2-AB69-4D56-BD74-60453F21BA6A}.AppStore|Any CPU.ActiveCfg = Release|Any CPU
		{E2E2F0E2-AB69-4D56-BD74-60453F21BA6A}.AppStore|Any CPU.Build.0 = Release|Any CPU
		{E2E2F0E2-AB69-4D56-BD74-60453F21BA6A}.AppStore|iPhone.ActiveCfg = Release|Any CPU
		{E2E2F0E2-AB69-4D56-BD74-60453F21BA6A}.AppStore|iPhone.Build.0 = Release|Any CPU
		{E2E2F0E2-AB69-4D56-BD74-60453F21BA6A}.AppStore|iPhoneSimulator.ActiveCfg = Release|Any CPU
		{E2E2F0E2-AB69-4D56-BD74-60453F21BA6A}.AppStore|iPhoneSimulator.Build.0 = Release|Any CPU
		{E2E2F0E2-AB69-4D56-BD74-60453F21BA6A}.Debug|Any CPU.ActiveCfg = Debug|Any CPU
		{E2E2F0E2-AB69-4D56-BD74-60453F21BA6A}.Debug|Any CPU.Build.0 = Debug|Any CPU
		{E2E2F0E2-AB69-4D56-BD74-60453F21BA6A}.Debug|iPhone.ActiveCfg = Debug|Any CPU
		{E2E2F0E2-AB69-4D56-BD74-60453F21BA6A}.Debug|iPhone.Build.0 = Debug|Any CPU
		{E2E2F0E2-AB69-4D56-BD74-60453F21BA6A}.Debug|iPhoneSimulator.ActiveCfg = Debug|Any CPU
		{E2E2F0E2-AB69-4D56-BD74-60453F21BA6A}.Debug|iPhoneSimulator.Build.0 = Debug|Any CPU
		{E2E2F0E2-AB69-4D56-BD74-60453F21BA6A}.Release|Any CPU.ActiveCfg = Release|Any CPU
		{E2E2F0E2-AB69-4D56-BD74-60453F21BA6A}.Release|Any CPU.Build.0 = Release|Any CPU
		{E2E2F0E2-AB69-4D56-BD74-60453F21BA6A}.Release|iPhone.ActiveCfg = Release|Any CPU
		{E2E2F0E2-AB69-4D56-BD74-60453F21BA6A}.Release|iPhone.Build.0 = Release|Any CPU
		{E2E2F0E2-AB69-4D56-BD74-60453F21BA6A}.Release|iPhoneSimulator.ActiveCfg = Release|Any CPU
		{E2E2F0E2-AB69-4D56-BD74-60453F21BA6A}.Release|iPhoneSimulator.Build.0 = Release|Any CPU
		{D89D4A26-6BFD-43F9-9EF8-FB48DAB03285}.Ad-Hoc|Any CPU.ActiveCfg = Release|Any CPU
		{D89D4A26-6BFD-43F9-9EF8-FB48DAB03285}.Ad-Hoc|Any CPU.Build.0 = Release|Any CPU
		{D89D4A26-6BFD-43F9-9EF8-FB48DAB03285}.Ad-Hoc|iPhone.ActiveCfg = Release|Any CPU
		{D89D4A26-6BFD-43F9-9EF8-FB48DAB03285}.Ad-Hoc|iPhone.Build.0 = Release|Any CPU
		{D89D4A26-6BFD-43F9-9EF8-FB48DAB03285}.Ad-Hoc|iPhoneSimulator.ActiveCfg = Release|Any CPU
		{D89D4A26-6BFD-43F9-9EF8-FB48DAB03285}.Ad-Hoc|iPhoneSimulator.Build.0 = Release|Any CPU
		{D89D4A26-6BFD-43F9-9EF8-FB48DAB03285}.AppStore|Any CPU.ActiveCfg = Release|Any CPU
		{D89D4A26-6BFD-43F9-9EF8-FB48DAB03285}.AppStore|Any CPU.Build.0 = Release|Any CPU
		{D89D4A26-6BFD-43F9-9EF8-FB48DAB03285}.AppStore|iPhone.ActiveCfg = Release|Any CPU
		{D89D4A26-6BFD-43F9-9EF8-FB48DAB03285}.AppStore|iPhone.Build.0 = Release|Any CPU
		{D89D4A26-6BFD-43F9-9EF8-FB48DAB03285}.AppStore|iPhoneSimulator.ActiveCfg = Release|Any CPU
		{D89D4A26-6BFD-43F9-9EF8-FB48DAB03285}.AppStore|iPhoneSimulator.Build.0 = Release|Any CPU
		{D89D4A26-6BFD-43F9-9EF8-FB48DAB03285}.Debug|Any CPU.ActiveCfg = Debug|Any CPU
		{D89D4A26-6BFD-43F9-9EF8-FB48DAB03285}.Debug|Any CPU.Build.0 = Debug|Any CPU
		{D89D4A26-6BFD-43F9-9EF8-FB48DAB03285}.Debug|iPhone.ActiveCfg = Debug|Any CPU
		{D89D4A26-6BFD-43F9-9EF8-FB48DAB03285}.Debug|iPhone.Build.0 = Debug|Any CPU
		{D89D4A26-6BFD-43F9-9EF8-FB48DAB03285}.Debug|iPhoneSimulator.ActiveCfg = Debug|Any CPU
		{D89D4A26-6BFD-43F9-9EF8-FB48DAB03285}.Debug|iPhoneSimulator.Build.0 = Debug|Any CPU
		{D89D4A26-6BFD-43F9-9EF8-FB48DAB03285}.Release|Any CPU.ActiveCfg = Release|Any CPU
		{D89D4A26-6BFD-43F9-9EF8-FB48DAB03285}.Release|Any CPU.Build.0 = Release|Any CPU
		{D89D4A26-6BFD-43F9-9EF8-FB48DAB03285}.Release|iPhone.ActiveCfg = Release|Any CPU
		{D89D4A26-6BFD-43F9-9EF8-FB48DAB03285}.Release|iPhone.Build.0 = Release|Any CPU
		{D89D4A26-6BFD-43F9-9EF8-FB48DAB03285}.Release|iPhoneSimulator.ActiveCfg = Release|Any CPU
		{D89D4A26-6BFD-43F9-9EF8-FB48DAB03285}.Release|iPhoneSimulator.Build.0 = Release|Any CPU
		{A43D15EB-A4D6-471F-B0AA-1C6945CF0AA7}.Ad-Hoc|Any CPU.ActiveCfg = Release|Any CPU
		{A43D15EB-A4D6-471F-B0AA-1C6945CF0AA7}.Ad-Hoc|Any CPU.Build.0 = Release|Any CPU
		{A43D15EB-A4D6-471F-B0AA-1C6945CF0AA7}.Ad-Hoc|iPhone.ActiveCfg = Release|Any CPU
		{A43D15EB-A4D6-471F-B0AA-1C6945CF0AA7}.Ad-Hoc|iPhone.Build.0 = Release|Any CPU
		{A43D15EB-A4D6-471F-B0AA-1C6945CF0AA7}.Ad-Hoc|iPhoneSimulator.ActiveCfg = Release|Any CPU
		{A43D15EB-A4D6-471F-B0AA-1C6945CF0AA7}.Ad-Hoc|iPhoneSimulator.Build.0 = Release|Any CPU
		{A43D15EB-A4D6-471F-B0AA-1C6945CF0AA7}.AppStore|Any CPU.ActiveCfg = Release|Any CPU
		{A43D15EB-A4D6-471F-B0AA-1C6945CF0AA7}.AppStore|Any CPU.Build.0 = Release|Any CPU
		{A43D15EB-A4D6-471F-B0AA-1C6945CF0AA7}.AppStore|iPhone.ActiveCfg = Release|Any CPU
		{A43D15EB-A4D6-471F-B0AA-1C6945CF0AA7}.AppStore|iPhone.Build.0 = Release|Any CPU
		{A43D15EB-A4D6-471F-B0AA-1C6945CF0AA7}.AppStore|iPhoneSimulator.ActiveCfg = Release|Any CPU
		{A43D15EB-A4D6-471F-B0AA-1C6945CF0AA7}.AppStore|iPhoneSimulator.Build.0 = Release|Any CPU
		{A43D15EB-A4D6-471F-B0AA-1C6945CF0AA7}.Debug|Any CPU.ActiveCfg = Debug|Any CPU
		{A43D15EB-A4D6-471F-B0AA-1C6945CF0AA7}.Debug|Any CPU.Build.0 = Debug|Any CPU
		{A43D15EB-A4D6-471F-B0AA-1C6945CF0AA7}.Debug|iPhone.ActiveCfg = Debug|Any CPU
		{A43D15EB-A4D6-471F-B0AA-1C6945CF0AA7}.Debug|iPhone.Build.0 = Debug|Any CPU
		{A43D15EB-A4D6-471F-B0AA-1C6945CF0AA7}.Debug|iPhoneSimulator.ActiveCfg = Debug|Any CPU
		{A43D15EB-A4D6-471F-B0AA-1C6945CF0AA7}.Debug|iPhoneSimulator.Build.0 = Debug|Any CPU
		{A43D15EB-A4D6-471F-B0AA-1C6945CF0AA7}.Release|Any CPU.ActiveCfg = Release|Any CPU
		{A43D15EB-A4D6-471F-B0AA-1C6945CF0AA7}.Release|Any CPU.Build.0 = Release|Any CPU
		{A43D15EB-A4D6-471F-B0AA-1C6945CF0AA7}.Release|iPhone.ActiveCfg = Release|Any CPU
		{A43D15EB-A4D6-471F-B0AA-1C6945CF0AA7}.Release|iPhone.Build.0 = Release|Any CPU
		{A43D15EB-A4D6-471F-B0AA-1C6945CF0AA7}.Release|iPhoneSimulator.ActiveCfg = Release|Any CPU
		{A43D15EB-A4D6-471F-B0AA-1C6945CF0AA7}.Release|iPhoneSimulator.Build.0 = Release|Any CPU
		{30A8B7F2-6815-4654-80A9-1B9C73EA88CC}.Ad-Hoc|Any CPU.ActiveCfg = Release|Any CPU
		{30A8B7F2-6815-4654-80A9-1B9C73EA88CC}.Ad-Hoc|Any CPU.Build.0 = Release|Any CPU
		{30A8B7F2-6815-4654-80A9-1B9C73EA88CC}.Ad-Hoc|iPhone.ActiveCfg = Release|Any CPU
		{30A8B7F2-6815-4654-80A9-1B9C73EA88CC}.Ad-Hoc|iPhone.Build.0 = Release|Any CPU
		{30A8B7F2-6815-4654-80A9-1B9C73EA88CC}.Ad-Hoc|iPhoneSimulator.ActiveCfg = Release|Any CPU
		{30A8B7F2-6815-4654-80A9-1B9C73EA88CC}.Ad-Hoc|iPhoneSimulator.Build.0 = Release|Any CPU
		{30A8B7F2-6815-4654-80A9-1B9C73EA88CC}.AppStore|Any CPU.ActiveCfg = Release|Any CPU
		{30A8B7F2-6815-4654-80A9-1B9C73EA88CC}.AppStore|Any CPU.Build.0 = Release|Any CPU
		{30A8B7F2-6815-4654-80A9-1B9C73EA88CC}.AppStore|iPhone.ActiveCfg = Release|Any CPU
		{30A8B7F2-6815-4654-80A9-1B9C73EA88CC}.AppStore|iPhone.Build.0 = Release|Any CPU
		{30A8B7F2-6815-4654-80A9-1B9C73EA88CC}.AppStore|iPhoneSimulator.ActiveCfg = Release|Any CPU
		{30A8B7F2-6815-4654-80A9-1B9C73EA88CC}.AppStore|iPhoneSimulator.Build.0 = Release|Any CPU
		{30A8B7F2-6815-4654-80A9-1B9C73EA88CC}.Debug|Any CPU.ActiveCfg = Debug|Any CPU
		{30A8B7F2-6815-4654-80A9-1B9C73EA88CC}.Debug|Any CPU.Build.0 = Debug|Any CPU
		{30A8B7F2-6815-4654-80A9-1B9C73EA88CC}.Debug|iPhone.ActiveCfg = Debug|Any CPU
		{30A8B7F2-6815-4654-80A9-1B9C73EA88CC}.Debug|iPhone.Build.0 = Debug|Any CPU
		{30A8B7F2-6815-4654-80A9-1B9C73EA88CC}.Debug|iPhoneSimulator.ActiveCfg = Debug|Any CPU
		{30A8B7F2-6815-4654-80A9-1B9C73EA88CC}.Debug|iPhoneSimulator.Build.0 = Debug|Any CPU
		{30A8B7F2-6815-4654-80A9-1B9C73EA88CC}.Release|Any CPU.ActiveCfg = Release|Any CPU
		{30A8B7F2-6815-4654-80A9-1B9C73EA88CC}.Release|Any CPU.Build.0 = Release|Any CPU
		{30A8B7F2-6815-4654-80A9-1B9C73EA88CC}.Release|iPhone.ActiveCfg = Release|Any CPU
		{30A8B7F2-6815-4654-80A9-1B9C73EA88CC}.Release|iPhone.Build.0 = Release|Any CPU
		{30A8B7F2-6815-4654-80A9-1B9C73EA88CC}.Release|iPhoneSimulator.ActiveCfg = Release|Any CPU
		{30A8B7F2-6815-4654-80A9-1B9C73EA88CC}.Release|iPhoneSimulator.Build.0 = Release|Any CPU
		{563647ED-49CC-4852-A10C-6568A0898B94}.Ad-Hoc|Any CPU.ActiveCfg = Release|Any CPU
		{563647ED-49CC-4852-A10C-6568A0898B94}.Ad-Hoc|Any CPU.Build.0 = Release|Any CPU
		{563647ED-49CC-4852-A10C-6568A0898B94}.Ad-Hoc|iPhone.ActiveCfg = Release|Any CPU
		{563647ED-49CC-4852-A10C-6568A0898B94}.Ad-Hoc|iPhone.Build.0 = Release|Any CPU
		{563647ED-49CC-4852-A10C-6568A0898B94}.Ad-Hoc|iPhoneSimulator.ActiveCfg = Release|Any CPU
		{563647ED-49CC-4852-A10C-6568A0898B94}.Ad-Hoc|iPhoneSimulator.Build.0 = Release|Any CPU
		{563647ED-49CC-4852-A10C-6568A0898B94}.AppStore|Any CPU.ActiveCfg = Release|Any CPU
		{563647ED-49CC-4852-A10C-6568A0898B94}.AppStore|Any CPU.Build.0 = Release|Any CPU
		{563647ED-49CC-4852-A10C-6568A0898B94}.AppStore|iPhone.ActiveCfg = Release|Any CPU
		{563647ED-49CC-4852-A10C-6568A0898B94}.AppStore|iPhone.Build.0 = Release|Any CPU
		{563647ED-49CC-4852-A10C-6568A0898B94}.AppStore|iPhoneSimulator.ActiveCfg = Release|Any CPU
		{563647ED-49CC-4852-A10C-6568A0898B94}.AppStore|iPhoneSimulator.Build.0 = Release|Any CPU
		{563647ED-49CC-4852-A10C-6568A0898B94}.Debug|Any CPU.ActiveCfg = Debug|Any CPU
		{563647ED-49CC-4852-A10C-6568A0898B94}.Debug|Any CPU.Build.0 = Debug|Any CPU
		{563647ED-49CC-4852-A10C-6568A0898B94}.Debug|iPhone.ActiveCfg = Debug|Any CPU
		{563647ED-49CC-4852-A10C-6568A0898B94}.Debug|iPhone.Build.0 = Debug|Any CPU
		{563647ED-49CC-4852-A10C-6568A0898B94}.Debug|iPhoneSimulator.ActiveCfg = Debug|Any CPU
		{563647ED-49CC-4852-A10C-6568A0898B94}.Debug|iPhoneSimulator.Build.0 = Debug|Any CPU
		{563647ED-49CC-4852-A10C-6568A0898B94}.Release|Any CPU.ActiveCfg = Release|Any CPU
		{563647ED-49CC-4852-A10C-6568A0898B94}.Release|Any CPU.Build.0 = Release|Any CPU
		{563647ED-49CC-4852-A10C-6568A0898B94}.Release|iPhone.ActiveCfg = Release|Any CPU
		{563647ED-49CC-4852-A10C-6568A0898B94}.Release|iPhone.Build.0 = Release|Any CPU
		{563647ED-49CC-4852-A10C-6568A0898B94}.Release|iPhoneSimulator.ActiveCfg = Release|Any CPU
		{563647ED-49CC-4852-A10C-6568A0898B94}.Release|iPhoneSimulator.Build.0 = Release|Any CPU
	EndGlobalSection
	GlobalSection(SolutionProperties) = preSolution
		HideSolutionNode = FALSE
	EndGlobalSection
	GlobalSection(ExtensibilityGlobals) = postSolution
		SolutionGuid = {91C91866-38D3-4F97-B914-2C0C38957D96}
	EndGlobalSection
EndGlobal
